// !$*UTF8*$!
{
	archiveVersion = 1;
	classes = {
	};
	objectVersion = 46;
	objects = {

/* Begin PBXFileReference section */
		FD5D7C2515E1DBAD00F847DF /* liblibrope.a */ = {isa = PBXFileReference; explicitFileType = archive.ar; includeInIndex = 0; path = liblibrope.a; sourceTree = BUILT_PRODUCTS_DIR; };
/* End PBXFileReference section */

/* Begin PBXFrameworksBuildPhase section */
		FD5D7C2215E1DBAD00F847DF /* Frameworks */ = {
			isa = PBXFrameworksBuildPhase;
			buildActionMask = 2147483647;
			files = (
			);
			runOnlyForDeploymentPostprocessing = 0;
		};
/* End PBXFrameworksBuildPhase section */

/* Begin PBXGroup section */
		FD5D7C1A15E1DBAD00F847DF = {
			isa = PBXGroup;
			children = (
				FD5D7C2615E1DBAD00F847DF /* Products */,
			);
			sourceTree = "<group>";
		};
		FD5D7C2615E1DBAD00F847DF /* Products */ = {
			isa = PBXGroup;
			children = (
				FD5D7C2515E1DBAD00F847DF /* liblibrope.a */,
			);
			name = Products;
			sourceTree = "<group>";
		};
/* End PBXGroup section */

/* Begin PBXHeadersBuildPhase section */
		FD5D7C2315E1DBAD00F847DF /* Headers */ = {
			isa = PBXHeadersBuildPhase;
			buildActionMask = 2147483647;
			files = (
			);
			runOnlyForDeploymentPostprocessing = 0;
		};
/* End PBXHeadersBuildPhase section */

/* Begin PBXNativeTarget section */
		FD5D7C2415E1DBAD00F847DF /* librope */ = {
			isa = PBXNativeTarget;
			buildConfigurationList = FD5D7C2915E1DBAD00F847DF /* Build configuration list for PBXNativeTarget "librope" */;
			buildPhases = (
				FD5D7C2115E1DBAD00F847DF /* Sources */,
				FD5D7C2215E1DBAD00F847DF /* Frameworks */,
				FD5D7C2315E1DBAD00F847DF /* Headers */,
			);
			buildRules = (
			);
			dependencies = (
			);
			name = librope;
			productName = librope;
			productReference = FD5D7C2515E1DBAD00F847DF /* liblibrope.a */;
			productType = "com.apple.product-type.library.static";
		};
/* End PBXNativeTarget section */

/* Begin PBXProject section */
		FD5D7C1C15E1DBAD00F847DF /* Project object */ = {
			isa = PBXProject;
			attributes = {
				LastUpgradeCheck = 0440;
				ORGANIZATIONNAME = "Joseph Gentle";
			};
			buildConfigurationList = FD5D7C1F15E1DBAD00F847DF /* Build configuration list for PBXProject "librope" */;
			compatibilityVersion = "Xcode 3.2";
			developmentRegion = English;
			hasScannedForEncodings = 0;
			knownRegions = (
				en,
			);
			mainGroup = FD5D7C1A15E1DBAD00F847DF;
			productRefGroup = FD5D7C2615E1DBAD00F847DF /* Products */;
			projectDirPath = "";
			projectRoot = "";
			targets = (
				FD5D7C2415E1DBAD00F847DF /* librope */,
			);
		};
/* End PBXProject section */

/* Begin PBXSourcesBuildPhase section */
		FD5D7C2115E1DBAD00F847DF /* Sources */ = {
			isa = PBXSourcesBuildPhase;
			buildActionMask = 2147483647;
			files = (
			);
			runOnlyForDeploymentPostprocessing = 0;
		};
/* End PBXSourcesBuildPhase section */

/* Begin XCBuildConfiguration section */
		FD5D7C2715E1DBAD00F847DF /* Debug */ = {
			isa = XCBuildConfiguration;
			buildSettings = {
				ALWAYS_SEARCH_USER_PATHS = NO;
				ARCHS = "$(ARCHS_STANDARD_64_BIT)";
				CLANG_CXX_LANGUAGE_STANDARD = "gnu++0x";
				CLANG_WARN__DUPLICATE_METHOD_MATCH = YES;
				COPY_PHASE_STRIP = NO;
				GCC_C_LANGUAGE_STANDARD = gnu99;
				GCC_DYNAMIC_NO_PIC = NO;
				GCC_ENABLE_OBJC_EXCEPTIONS = YES;
				GCC_OPTIMIZATION_LEVEL = 0;
				GCC_PREPROCESSOR_DEFINITIONS = (
					"DEBUG=1",
					"$(inherited)",
				);
				GCC_SYMBOLS_PRIVATE_EXTERN = NO;
				GCC_WARN_64_TO_32_BIT_CONVERSION = YES;
				GCC_WARN_ABOUT_RETURN_TYPE = YES;
				GCC_WARN_UNINITIALIZED_AUTOS = YES;
				GCC_WARN_UNUSED_VARIABLE = YES;
				MACOSX_DEPLOYMENT_TARGET = 10.8;
				ONLY_ACTIVE_ARCH = YES;
				SDKROOT = macosx;
			};
			name = Debug;
		};
		FD5D7C2815E1DBAD00F847DF /* Release */ = {
			isa = XCBuildConfiguration;
			buildSettings = {
				ALWAYS_SEARCH_USER_PATHS = NO;
				ARCHS = "$(ARCHS_STANDARD_64_BIT)";
				CLANG_CXX_LANGUAGE_STANDARD = "gnu++0x";
				CLANG_WARN__DUPLICATE_METHOD_MATCH = YES;
				COPY_PHASE_STRIP = YES;
				DEBUG_INFORMATION_FORMAT = "dwarf-with-dsym";
				GCC_C_LANGUAGE_STANDARD = gnu99;
				GCC_ENABLE_OBJC_EXCEPTIONS = YES;
				GCC_WARN_64_TO_32_BIT_CONVERSION = YES;
				GCC_WARN_ABOUT_RETURN_TYPE = YES;
				GCC_WARN_UNINITIALIZED_AUTOS = YES;
				GCC_WARN_UNUSED_VARIABLE = YES;
				MACOSX_DEPLOYMENT_TARGET = 10.8;
				SDKROOT = macosx;
			};
			name = Release;
		};
		FD5D7C2A15E1DBAD00F847DF /* Debug */ = {
			isa = XCBuildConfiguration;
			buildSettings = {
				EXECUTABLE_PREFIX = lib;
				PRODUCT_NAME = "$(TARGET_NAME)";
			};
			name = Debug;
		};
		FD5D7C2B15E1DBAD00F847DF /* Release */ = {
			isa = XCBuildConfiguration;
			buildSettings = {
				EXECUTABLE_PREFIX = lib;
				PRODUCT_NAME = "$(TARGET_NAME)";
			};
			name = Release;
		};
/* End XCBuildConfiguration section */

/* Begin XCConfigurationList section */
		FD5D7C1F15E1DBAD00F847DF /* Build configuration list for PBXProject "librope" */ = {
			isa = XCConfigurationList;
			buildConfigurations = (
				FD5D7C2715E1DBAD00F847DF /* Debug */,
				FD5D7C2815E1DBAD00F847DF /* Release */,
			);
			defaultConfigurationIsVisible = 0;
			defaultConfigurationName = Release;
		};
		FD5D7C2915E1DBAD00F847DF /* Build configuration list for PBXNativeTarget "librope" */ = {
			isa = XCConfigurationList;
			buildConfigurations = (
				FD5D7C2A15E1DBAD00F847DF /* Debug */,
				FD5D7C2B15E1DBAD00F847DF /* Release */,
			);
			defaultConfigurationIsVisible = 0;
		};
/* End XCConfigurationList section */
	};
	rootObject = FD5D7C1C15E1DBAD00F847DF /* Project object */;
}
